
Microsoft Visual Studio Solution File, Format Version 12.00
# Visual Studio 15
VisualStudioVersion = 15.0.27130.2020
MinimumVisualStudioVersion = 10.0.40219.1
Project("{8BC9CEB8-8B4A-11D0-8D11-00A0C91BC942}") = "Prog01", "ProgLab2\ProgLab2.vcxproj", "{F8EC6A7A-E205-4ABD-9343-37930CB82AF6}"
EndProject
Project("{8BC9CEB8-8B4A-11D0-8D11-00A0C91BC942}") = "Prog02", "Prog02\Prog02.vcxproj", "{ECECFEB3-60D9-4DAD-89A5-7342DB2E26F2}"
EndProject
Project("{8BC9CEB8-8B4A-11D0-8D11-00A0C91BC942}") = "Prog03", "Prog03\Prog03.vcxproj", "{FC9349AE-2C50-4753-96C8-126425A3CAB9}"
EndProject
Project("{8BC9CEB8-8B4A-11D0-8D11-00A0C91BC942}") = "Prog04", "Prog04\Prog04.vcxproj", "{D9F9F70C-41EC-49E5-AB47-D4AFF386F711}"
EndProject
Project("{8BC9CEB8-8B4A-11D0-8D11-00A0C91BC942}") = "Prog05", "Prog05\Prog05.vcxproj", "{81C5ABCD-F6FB-47FE-B204-9ED7EEAABB2D}"
EndProject
Project("{8BC9CEB8-8B4A-11D0-8D11-00A0C91BC942}") = "Prog06", "Prog06\Prog06.vcxproj", "{B1B95298-193F-4C9C-8EDB-15F33A632C91}"
EndProject
Project("{8BC9CEB8-8B4A-11D0-8D11-00A0C91BC942}") = "Prog07", "Prog07\Prog07.vcxproj", "{A37DA1BD-9761-42C4-A4BA-21268D52E797}"
EndProject
Project("{8BC9CEB8-8B4A-11D0-8D11-00A0C91BC942}") = "Prog08", "Prog08\Prog08.vcxproj", "{A226F606-7215-4882-8DDF-4A4AF5B90D61}"
EndProject
Project("{8BC9CEB8-8B4A-11D0-8D11-00A0C91BC942}") = "Prog09", "Prog09\Prog09.vcxproj", "{00AF0F3E-1D71-4805-B8ED-E58BF1D9F105}"
EndProject
Project("{8BC9CEB8-8B4A-11D0-8D11-00A0C91BC942}") = "Prog10", "Prog10\Prog10.vcxproj", "{D173AD12-D9EC-47C7-B4BB-DFAE5098B6C3}"
EndProject
Project("{8BC9CEB8-8B4A-11D0-8D11-00A0C91BC942}") = "Prog11", "Prog11\Prog11.vcxproj", "{F09B7DDD-3DD5-4EA4-89B2-B291DC54ECE5}"
EndProject
Project("{8BC9CEB8-8B4A-11D0-8D11-00A0C91BC942}") = "Prog12", "Prog12\Prog12.vcxproj", "{10A9391C-3214-4D5C-878E-D687A4F7D68F}"
EndProject
Project("{8BC9CEB8-8B4A-11D0-8D11-00A0C91BC942}") = "Prog13", "Prog13\Prog13.vcxproj", "{6B70B744-DD87-45FC-AA71-7936CFC9A84A}"
EndProject
Project("{8BC9CEB8-8B4A-11D0-8D11-00A0C91BC942}") = "Prog14", "Prog14\Prog14.vcxproj", "{3209EC02-C169-48C5-A953-5E87FD64ABDE}"
EndProject
Project("{8BC9CEB8-8B4A-11D0-8D11-00A0C91BC942}") = "Prog15", "Prog15\Prog15.vcxproj", "{40EA31D8-ABDB-4C34-853B-787975E08E09}"
EndProject
Global
	GlobalSection(SolutionConfigurationPlatforms) = preSolution
		Debug|x64 = Debug|x64
		Debug|x86 = Debug|x86
		Release|x64 = Release|x64
		Release|x86 = Release|x86
	EndGlobalSection
	GlobalSection(ProjectConfigurationPlatforms) = postSolution
		{F8EC6A7A-E205-4ABD-9343-37930CB82AF6}.Debug|x64.ActiveCfg = Debug|x64
		{F8EC6A7A-E205-4ABD-9343-37930CB82AF6}.Debug|x64.Build.0 = Debug|x64
		{F8EC6A7A-E205-4ABD-9343-37930CB82AF6}.Debug|x86.ActiveCfg = Debug|Win32
		{F8EC6A7A-E205-4ABD-9343-37930CB82AF6}.Debug|x86.Build.0 = Debug|Win32
		{F8EC6A7A-E205-4ABD-9343-37930CB82AF6}.Release|x64.ActiveCfg = Release|x64
		{F8EC6A7A-E205-4ABD-9343-37930CB82AF6}.Release|x64.Build.0 = Release|x64
		{F8EC6A7A-E205-4ABD-9343-37930CB82AF6}.Release|x86.ActiveCfg = Release|Win32
		{F8EC6A7A-E205-4ABD-9343-37930CB82AF6}.Release|x86.Build.0 = Release|Win32
		{ECECFEB3-60D9-4DAD-89A5-7342DB2E26F2}.Debug|x64.ActiveCfg = Debug|x64
		{ECECFEB3-60D9-4DAD-89A5-7342DB2E26F2}.Debug|x64.Build.0 = Debug|x64
		{ECECFEB3-60D9-4DAD-89A5-7342DB2E26F2}.Debug|x86.ActiveCfg = Debug|Win32
		{ECECFEB3-60D9-4DAD-89A5-7342DB2E26F2}.Debug|x86.Build.0 = Debug|Win32
		{ECECFEB3-60D9-4DAD-89A5-7342DB2E26F2}.Release|x64.ActiveCfg = Release|x64
		{ECECFEB3-60D9-4DAD-89A5-7342DB2E26F2}.Release|x64.Build.0 = Release|x64
		{ECECFEB3-60D9-4DAD-89A5-7342DB2E26F2}.Release|x86.ActiveCfg = Release|Win32
		{ECECFEB3-60D9-4DAD-89A5-7342DB2E26F2}.Release|x86.Build.0 = Release|Win32
		{FC9349AE-2C50-4753-96C8-126425A3CAB9}.Debug|x64.ActiveCfg = Debug|x64
		{FC9349AE-2C50-4753-96C8-126425A3CAB9}.Debug|x64.Build.0 = Debug|x64
		{FC9349AE-2C50-4753-96C8-126425A3CAB9}.Debug|x86.ActiveCfg = Debug|Win32
		{FC9349AE-2C50-4753-96C8-126425A3CAB9}.Debug|x86.Build.0 = Debug|Win32
		{FC9349AE-2C50-4753-96C8-126425A3CAB9}.Release|x64.ActiveCfg = Release|x64
		{FC9349AE-2C50-4753-96C8-126425A3CAB9}.Release|x64.Build.0 = Release|x64
		{FC9349AE-2C50-4753-96C8-126425A3CAB9}.Release|x86.ActiveCfg = Release|Win32
		{FC9349AE-2C50-4753-96C8-126425A3CAB9}.Release|x86.Build.0 = Release|Win32
		{D9F9F70C-41EC-49E5-AB47-D4AFF386F711}.Debug|x64.ActiveCfg = Debug|x64
		{D9F9F70C-41EC-49E5-AB47-D4AFF386F711}.Debug|x64.Build.0 = Debug|x64
		{D9F9F70C-41EC-49E5-AB47-D4AFF386F711}.Debug|x86.ActiveCfg = Debug|Win32
		{D9F9F70C-41EC-49E5-AB47-D4AFF386F711}.Debug|x86.Build.0 = Debug|Win32
		{D9F9F70C-41EC-49E5-AB47-D4AFF386F711}.Release|x64.ActiveCfg = Release|x64
		{D9F9F70C-41EC-49E5-AB47-D4AFF386F711}.Release|x64.Build.0 = Release|x64
		{D9F9F70C-41EC-49E5-AB47-D4AFF386F711}.Release|x86.ActiveCfg = Release|Win32
		{D9F9F70C-41EC-49E5-AB47-D4AFF386F711}.Release|x86.Build.0 = Release|Win32
		{81C5ABCD-F6FB-47FE-B204-9ED7EEAABB2D}.Debug|x64.ActiveCfg = Debug|x64
		{81C5ABCD-F6FB-47FE-B204-9ED7EEAABB2D}.Debug|x64.Build.0 = Debug|x64
		{81C5ABCD-F6FB-47FE-B204-9ED7EEAABB2D}.Debug|x86.ActiveCfg = Debug|Win32
		{81C5ABCD-F6FB-47FE-B204-9ED7EEAABB2D}.Debug|x86.Build.0 = Debug|Win32
		{81C5ABCD-F6FB-47FE-B204-9ED7EEAABB2D}.Release|x64.ActiveCfg = Release|x64
		{81C5ABCD-F6FB-47FE-B204-9ED7EEAABB2D}.Release|x64.Build.0 = Release|x64
		{81C5ABCD-F6FB-47FE-B204-9ED7EEAABB2D}.Release|x86.ActiveCfg = Release|Win32
		{81C5ABCD-F6FB-47FE-B204-9ED7EEAABB2D}.Release|x86.Build.0 = Release|Win32
		{B1B95298-193F-4C9C-8EDB-15F33A632C91}.Debug|x64.ActiveCfg = Debug|x64
		{B1B95298-193F-4C9C-8EDB-15F33A632C91}.Debug|x64.Build.0 = Debug|x64
		{B1B95298-193F-4C9C-8EDB-15F33A632C91}.Debug|x86.ActiveCfg = Debug|Win32
		{B1B95298-193F-4C9C-8EDB-15F33A632C91}.Debug|x86.Build.0 = Debug|Win32
		{B1B95298-193F-4C9C-8EDB-15F33A632C91}.Release|x64.ActiveCfg = Release|x64
		{B1B95298-193F-4C9C-8EDB-15F33A632C91}.Release|x64.Build.0 = Release|x64
		{B1B95298-193F-4C9C-8EDB-15F33A632C91}.Release|x86.ActiveCfg = Release|Win32
		{B1B95298-193F-4C9C-8EDB-15F33A632C91}.Release|x86.Build.0 = Release|Win32
		{A37DA1BD-9761-42C4-A4BA-21268D52E797}.Debug|x64.ActiveCfg = Debug|x64
		{A37DA1BD-9761-42C4-A4BA-21268D52E797}.Debug|x64.Build.0 = Debug|x64
		{A37DA1BD-9761-42C4-A4BA-21268D52E797}.Debug|x86.ActiveCfg = Debug|Win32
		{A37DA1BD-9761-42C4-A4BA-21268D52E797}.Debug|x86.Build.0 = Debug|Win32
		{A37DA1BD-9761-42C4-A4BA-21268D52E797}.Release|x64.ActiveCfg = Release|x64
		{A37DA1BD-9761-42C4-A4BA-21268D52E797}.Release|x64.Build.0 = Release|x64
		{A37DA1BD-9761-42C4-A4BA-21268D52E797}.Release|x86.ActiveCfg = Release|Win32
		{A37DA1BD-9761-42C4-A4BA-21268D52E797}.Release|x86.Build.0 = Release|Win32
		{A226F606-7215-4882-8DDF-4A4AF5B90D61}.Debug|x64.ActiveCfg = Debug|x64
		{A226F606-7215-4882-8DDF-4A4AF5B90D61}.Debug|x64.Build.0 = Debug|x64
		{A226F606-7215-4882-8DDF-4A4AF5B90D61}.Debug|x86.ActiveCfg = Debug|Win32
		{A226F606-7215-4882-8DDF-4A4AF5B90D61}.Debug|x86.Build.0 = Debug|Win32
		{A226F606-7215-4882-8DDF-4A4AF5B90D61}.Release|x64.ActiveCfg = Release|x64
		{A226F606-7215-4882-8DDF-4A4AF5B90D61}.Release|x64.Build.0 = Release|x64
		{A226F606-7215-4882-8DDF-4A4AF5B90D61}.Release|x86.ActiveCfg = Release|Win32
		{A226F606-7215-4882-8DDF-4A4AF5B90D61}.Release|x86.Build.0 = Release|Win32
		{00AF0F3E-1D71-4805-B8ED-E58BF1D9F105}.Debug|x64.ActiveCfg = Debug|x64
		{00AF0F3E-1D71-4805-B8ED-E58BF1D9F105}.Debug|x64.Build.0 = Debug|x64
		{00AF0F3E-1D71-4805-B8ED-E58BF1D9F105}.Debug|x86.ActiveCfg = Debug|Win32
		{00AF0F3E-1D71-4805-B8ED-E58BF1D9F105}.Debug|x86.Build.0 = Debug|Win32
		{00AF0F3E-1D71-4805-B8ED-E58BF1D9F105}.Release|x64.ActiveCfg = Release|x64
		{00AF0F3E-1D71-4805-B8ED-E58BF1D9F105}.Release|x64.Build.0 = Release|x64
		{00AF0F3E-1D71-4805-B8ED-E58BF1D9F105}.Release|x86.ActiveCfg = Release|Win32
		{00AF0F3E-1D71-4805-B8ED-E58BF1D9F105}.Release|x86.Build.0 = Release|Win32
		{D173AD12-D9EC-47C7-B4BB-DFAE5098B6C3}.Debug|x64.ActiveCfg = Debug|x64
		{D173AD12-D9EC-47C7-B4BB-DFAE5098B6C3}.Debug|x64.Build.0 = Debug|x64
		{D173AD12-D9EC-47C7-B4BB-DFAE5098B6C3}.Debug|x86.ActiveCfg = Debug|Win32
		{D173AD12-D9EC-47C7-B4BB-DFAE5098B6C3}.Debug|x86.Build.0 = Debug|Win32
		{D173AD12-D9EC-47C7-B4BB-DFAE5098B6C3}.Release|x64.ActiveCfg = Release|x64
		{D173AD12-D9EC-47C7-B4BB-DFAE5098B6C3}.Release|x64.Build.0 = Release|x64
		{D173AD12-D9EC-47C7-B4BB-DFAE5098B6C3}.Release|x86.ActiveCfg = Release|Win32
		{D173AD12-D9EC-47C7-B4BB-DFAE5098B6C3}.Release|x86.Build.0 = Release|Win32
		{F09B7DDD-3DD5-4EA4-89B2-B291DC54ECE5}.Debug|x64.ActiveCfg = Debug|x64
		{F09B7DDD-3DD5-4EA4-89B2-B291DC54ECE5}.Debug|x64.Build.0 = Debug|x64
		{F09B7DDD-3DD5-4EA4-89B2-B291DC54ECE5}.Debug|x86.ActiveCfg = Debug|Win32
		{F09B7DDD-3DD5-4EA4-89B2-B291DC54ECE5}.Debug|x86.Build.0 = Debug|Win32
		{F09B7DDD-3DD5-4EA4-89B2-B291DC54ECE5}.Release|x64.ActiveCfg = Release|x64
		{F09B7DDD-3DD5-4EA4-89B2-B291DC54ECE5}.Release|x64.Build.0 = Release|x64
		{F09B7DDD-3DD5-4EA4-89B2-B291DC54ECE5}.Release|x86.ActiveCfg = Release|Win32
		{F09B7DDD-3DD5-4EA4-89B2-B291DC54ECE5}.Release|x86.Build.0 = Release|Win32
		{10A9391C-3214-4D5C-878E-D687A4F7D68F}.Debug|x64.ActiveCfg = Debug|x64
		{10A9391C-3214-4D5C-878E-D687A4F7D68F}.Debug|x64.Build.0 = Debug|x64
		{10A9391C-3214-4D5C-878E-D687A4F7D68F}.Debug|x86.ActiveCfg = Debug|Win32
		{10A9391C-3214-4D5C-878E-D687A4F7D68F}.Debug|x86.Build.0 = Debug|Win32
		{10A9391C-3214-4D5C-878E-D687A4F7D68F}.Release|x64.ActiveCfg = Release|x64
		{10A9391C-3214-4D5C-878E-D687A4F7D68F}.Release|x64.Build.0 = Release|x64
		{10A9391C-3214-4D5C-878E-D687A4F7D68F}.Release|x86.ActiveCfg = Release|Win32
		{10A9391C-3214-4D5C-878E-D687A4F7D68F}.Release|x86.Build.0 = Release|Win32
		{6B70B744-DD87-45FC-AA71-7936CFC9A84A}.Debug|x64.ActiveCfg = Debug|x64
		{6B70B744-DD87-45FC-AA71-7936CFC9A84A}.Debug|x64.Build.0 = Debug|x64
		{6B70B744-DD87-45FC-AA71-7936CFC9A84A}.Debug|x86.ActiveCfg = Debug|Win32
		{6B70B744-DD87-45FC-AA71-7936CFC9A84A}.Debug|x86.Build.0 = Debug|Win32
		{6B70B744-DD87-45FC-AA71-7936CFC9A84A}.Release|x64.ActiveCfg = Release|x64
		{6B70B744-DD87-45FC-AA71-7936CFC9A84A}.Release|x64.Build.0 = Release|x64
		{6B70B744-DD87-45FC-AA71-7936CFC9A84A}.Release|x86.ActiveCfg = Release|Win32
		{6B70B744-DD87-45FC-AA71-7936CFC9A84A}.Release|x86.Build.0 = Release|Win32
		{3209EC02-C169-48C5-A953-5E87FD64ABDE}.Debug|x64.ActiveCfg = Debug|x64
		{3209EC02-C169-48C5-A953-5E87FD64ABDE}.Debug|x64.Build.0 = Debug|x64
		{3209EC02-C169-48C5-A953-5E87FD64ABDE}.Debug|x86.ActiveCfg = Debug|Win32
		{3209EC02-C169-48C5-A953-5E87FD64ABDE}.Debug|x86.Build.0 = Debug|Win32
		{3209EC02-C169-48C5-A953-5E87FD64ABDE}.Release|x64.ActiveCfg = Release|x64
		{3209EC02-C169-48C5-A953-5E87FD64ABDE}.Release|x64.Build.0 = Release|x64
		{3209EC02-C169-48C5-A953-5E87FD64ABDE}.Release|x86.ActiveCfg = Release|Win32
		{3209EC02-C169-48C5-A953-5E87FD64ABDE}.Release|x86.Build.0 = Release|Win32
		{40EA31D8-ABDB-4C34-853B-787975E08E09}.Debug|x64.ActiveCfg = Debug|x64
		{40EA31D8-ABDB-4C34-853B-787975E08E09}.Debug|x64.Build.0 = Debug|x64
		{40EA31D8-ABDB-4C34-853B-787975E08E09}.Debug|x86.ActiveCfg = Debug|Win32
		{40EA31D8-ABDB-4C34-853B-787975E08E09}.Debug|x86.Build.0 = Debug|Win32
		{40EA31D8-ABDB-4C34-853B-787975E08E09}.Release|x64.ActiveCfg = Release|x64
		{40EA31D8-ABDB-4C34-853B-787975E08E09}.Release|x64.Build.0 = Release|x64
		{40EA31D8-ABDB-4C34-853B-787975E08E09}.Release|x86.ActiveCfg = Release|Win32
		{40EA31D8-ABDB-4C34-853B-787975E08E09}.Release|x86.Build.0 = Release|Win32
	EndGlobalSection
	GlobalSection(SolutionProperties) = preSolution
		HideSolutionNode = FALSE
	EndGlobalSection
	GlobalSection(ExtensibilityGlobals) = postSolution
		SolutionGuid = {72A9C20D-7F06-4DE6-AE50-99FFA94D8E76}
	EndGlobalSection
EndGlobal
